
Microsoft Visual Studio Solution File, Format Version 12.00
# Visual Studio 15
VisualStudioVersion = 15.0.27130.2020
MinimumVisualStudioVersion = 10.0.40219.1
Project("{FAE04EC0-301F-11D3-BF4B-00C04F79EFBC}") = "ClassGenerator", "ClassGenerator\ClassGenerator.csproj", "{F01CE4AF-0653-4CB2-AE86-749EEE062850}"
EndProject
Global
	GlobalSection(SolutionConfigurationPlatforms) = preSolution
		Debug|Any CPU = Debug|Any CPU
		Release|Any CPU = Release|Any CPU
	EndGlobalSection
	GlobalSection(ProjectConfigurationPlatforms) = postSolution
		{F01CE4AF-0653-4CB2-AE86-749EEE062850}.Debug|Any CPU.ActiveCfg = Debug|Any CPU
		{F01CE4AF-0653-4CB2-AE86-749EEE062850}.Debug|Any CPU.Build.0 = Debug|Any CPU
		{F01CE4AF-0653-4CB2-AE86-749EEE062850}.Release|Any CPU.ActiveCfg = Release|Any CPU
		{F01CE4AF-0653-4CB2-AE86-749EEE062850}.Release|Any CPU.Build.0 = Release|Any CPU
	EndGlobalSection
	GlobalSection(SolutionProperties) = preSolution
		HideSolutionNode = FALSE
	EndGlobalSection
	GlobalSection(ExtensibilityGlobals) = postSolution
		SolutionGuid = {4853AD75-8C15-4554-A8E6-F72304961C3F}
	EndGlobalSection
EndGlobal
